// !$*UTF8*$!
{
	archiveVersion = 1;
	classes = {
	};
	objectVersion = 46;
	objects = {

/* Begin PBXBuildFile section */
		66574EDE1A942DDA006703FD /* AppKit.framework in Frameworks */ = {isa = PBXBuildFile; fileRef = 66574EDD1A942DDA006703FD /* AppKit.framework */; };
		66574EE01A942DDA006703FD /* Foundation.framework in Frameworks */ = {isa = PBXBuildFile; fileRef = 66574EDF1A942DDA006703FD /* Foundation.framework */; };
		66574EE51A942DDA006703FD /* AutoGenerateDescriptionPluginProd.xcscheme in Resources */ = {isa = PBXBuildFile; fileRef = 66574EE41A942DDA006703FD /* AutoGenerateDescriptionPluginProd.xcscheme */; };
		66574EE81A942DDA006703FD /* AutoGenerateDescriptionPluginProd.m in Sources */ = {isa = PBXBuildFile; fileRef = 66574EE71A942DDA006703FD /* AutoGenerateDescriptionPluginProd.m */; };
		66574EF21A9430C2006703FD /* DTXcodeUtils.m in Sources */ = {isa = PBXBuildFile; fileRef = 66574EF11A9430C2006703FD /* DTXcodeUtils.m */; };
		66574EF51A9430D3006703FD /* RegExCategories.m in Sources */ = {isa = PBXBuildFile; fileRef = 66574EF41A9430D3006703FD /* RegExCategories.m */; };
		66574EF81A9430EB006703FD /* DescriptionGenerator.m in Sources */ = {isa = PBXBuildFile; fileRef = 66574EF71A9430EB006703FD /* DescriptionGenerator.m */; };
/* End PBXBuildFile section */

/* Begin PBXFileReference section */
		66574EDA1A942DDA006703FD /* AutoGenerateDescriptionPluginProd.xcplugin */ = {isa = PBXFileReference; explicitFileType = wrapper.cfbundle; includeInIndex = 0; path = AutoGenerateDescriptionPluginProd.xcplugin; sourceTree = BUILT_PRODUCTS_DIR; };
		66574EDD1A942DDA006703FD /* AppKit.framework */ = {isa = PBXFileReference; lastKnownFileType = wrapper.framework; name = AppKit.framework; path = /System/Library/Frameworks/AppKit.framework; sourceTree = "<absolute>"; };
		66574EDF1A942DDA006703FD /* Foundation.framework */ = {isa = PBXFileReference; lastKnownFileType = wrapper.framework; name = Foundation.framework; path = /System/Library/Frameworks/Foundation.framework; sourceTree = "<absolute>"; };
		66574EE31A942DDA006703FD /* Info.plist */ = {isa = PBXFileReference; lastKnownFileType = text.plist.xml; path = Info.plist; sourceTree = "<group>"; };
		66574EE41A942DDA006703FD /* AutoGenerateDescriptionPluginProd.xcscheme */ = {isa = PBXFileReference; lastKnownFileType = text.xml; name = AutoGenerateDescriptionPluginProd.xcscheme; path = AutoGenerateDescriptionPluginProd.xcodeproj/xcshareddata/xcschemes/AutoGenerateDescriptionPluginProd.xcscheme; sourceTree = SOURCE_ROOT; };
		66574EE61A942DDA006703FD /* AutoGenerateDescriptionPluginProd.h */ = {isa = PBXFileReference; lastKnownFileType = sourcecode.c.h; path = AutoGenerateDescriptionPluginProd.h; sourceTree = "<group>"; };
		66574EE71A942DDA006703FD /* AutoGenerateDescriptionPluginProd.m */ = {isa = PBXFileReference; lastKnownFileType = sourcecode.c.objc; path = AutoGenerateDescriptionPluginProd.m; sourceTree = "<group>"; };
		66574EEF1A9430C2006703FD /* DTXcodeHeaders.h */ = {isa = PBXFileReference; fileEncoding = 4; lastKnownFileType = sourcecode.c.h; path = DTXcodeHeaders.h; sourceTree = "<group>"; };
		66574EF01A9430C2006703FD /* DTXcodeUtils.h */ = {isa = PBXFileReference; fileEncoding = 4; lastKnownFileType = sourcecode.c.h; path = DTXcodeUtils.h; sourceTree = "<group>"; };
		66574EF11A9430C2006703FD /* DTXcodeUtils.m */ = {isa = PBXFileReference; fileEncoding = 4; lastKnownFileType = sourcecode.c.objc; path = DTXcodeUtils.m; sourceTree = "<group>"; };
		66574EF31A9430D3006703FD /* RegExCategories.h */ = {isa = PBXFileReference; fileEncoding = 4; lastKnownFileType = sourcecode.c.h; path = RegExCategories.h; sourceTree = "<group>"; };
		66574EF41A9430D3006703FD /* RegExCategories.m */ = {isa = PBXFileReference; fileEncoding = 4; lastKnownFileType = sourcecode.c.objc; path = RegExCategories.m; sourceTree = "<group>"; };
		66574EF61A9430EB006703FD /* DescriptionGenerator.h */ = {isa = PBXFileReference; fileEncoding = 4; lastKnownFileType = sourcecode.c.h; path = DescriptionGenerator.h; sourceTree = "<group>"; };
		66574EF71A9430EB006703FD /* DescriptionGenerator.m */ = {isa = PBXFileReference; fileEncoding = 4; lastKnownFileType = sourcecode.c.objc; path = DescriptionGenerator.m; sourceTree = "<group>"; };
		66574EFB1A9471BC006703FD /* AutoGenerateDescriptionPluginProd.pch */ = {isa = PBXFileReference; fileEncoding = 4; lastKnownFileType = sourcecode.c.h; path = AutoGenerateDescriptionPluginProd.pch; sourceTree = "<group>"; };
/* End PBXFileReference section */

/* Begin PBXFrameworksBuildPhase section */
		66574ED81A942DDA006703FD /* Frameworks */ = {
			isa = PBXFrameworksBuildPhase;
			buildActionMask = 2147483647;
			files = (
				66574EDE1A942DDA006703FD /* AppKit.framework in Frameworks */,
				66574EE01A942DDA006703FD /* Foundation.framework in Frameworks */,
			);
			runOnlyForDeploymentPostprocessing = 0;
		};
/* End PBXFrameworksBuildPhase section */

/* Begin PBXGroup section */
		66574ED11A942DDA006703FD = {
			isa = PBXGroup;
			children = (
				66574EE11A942DDA006703FD /* AutoGenerateDescriptionPluginProd */,
				66574EDC1A942DDA006703FD /* Frameworks */,
				66574EDB1A942DDA006703FD /* Products */,
			);
			sourceTree = "<group>";
		};
		66574EDB1A942DDA006703FD /* Products */ = {
			isa = PBXGroup;
			children = (
				66574EDA1A942DDA006703FD /* AutoGenerateDescriptionPluginProd.xcplugin */,
			);
			name = Products;
			sourceTree = "<group>";
		};
		66574EDC1A942DDA006703FD /* Frameworks */ = {
			isa = PBXGroup;
			children = (
				66574EDD1A942DDA006703FD /* AppKit.framework */,
				66574EDF1A942DDA006703FD /* Foundation.framework */,
			);
			name = Frameworks;
			sourceTree = "<group>";
		};
		66574EE11A942DDA006703FD /* AutoGenerateDescriptionPluginProd */ = {
			isa = PBXGroup;
			children = (
				66574EEE1A9430A2006703FD /* OpenSource */,
				66574EE61A942DDA006703FD /* AutoGenerateDescriptionPluginProd.h */,
				66574EE71A942DDA006703FD /* AutoGenerateDescriptionPluginProd.m */,
				66574EF61A9430EB006703FD /* DescriptionGenerator.h */,
				66574EF71A9430EB006703FD /* DescriptionGenerator.m */,
				66574EFB1A9471BC006703FD /* AutoGenerateDescriptionPluginProd.pch */,
				66574EE21A942DDA006703FD /* Supporting Files */,
			);
			path = AutoGenerateDescriptionPluginProd;
			sourceTree = "<group>";
		};
		66574EE21A942DDA006703FD /* Supporting Files */ = {
			isa = PBXGroup;
			children = (
				66574EE31A942DDA006703FD /* Info.plist */,
				66574EE41A942DDA006703FD /* AutoGenerateDescriptionPluginProd.xcscheme */,
			);
			name = "Supporting Files";
			sourceTree = "<group>";
		};
		66574EEE1A9430A2006703FD /* OpenSource */ = {
			isa = PBXGroup;
			children = (
				66574EF31A9430D3006703FD /* RegExCategories.h */,
				66574EF41A9430D3006703FD /* RegExCategories.m */,
				66574EEF1A9430C2006703FD /* DTXcodeHeaders.h */,
				66574EF01A9430C2006703FD /* DTXcodeUtils.h */,
				66574EF11A9430C2006703FD /* DTXcodeUtils.m */,
			);
			name = OpenSource;
			sourceTree = "<group>";
		};
/* End PBXGroup section */

/* Begin PBXNativeTarget section */
		66574ED91A942DDA006703FD /* AutoGenerateDescriptionPluginProd */ = {
			isa = PBXNativeTarget;
			buildConfigurationList = 66574EEB1A942DDA006703FD /* Build configuration list for PBXNativeTarget "AutoGenerateDescriptionPluginProd" */;
			buildPhases = (
				66574ED61A942DDA006703FD /* Sources */,
				66574ED71A942DDA006703FD /* Resources */,
				66574ED81A942DDA006703FD /* Frameworks */,
			);
			buildRules = (
			);
			dependencies = (
			);
			name = AutoGenerateDescriptionPluginProd;
			productName = AutoGenerateDescriptionPluginProd;
			productReference = 66574EDA1A942DDA006703FD /* AutoGenerateDescriptionPluginProd.xcplugin */;
			productType = "com.apple.product-type.bundle";
		};
/* End PBXNativeTarget section */

/* Begin PBXProject section */
		66574ED21A942DDA006703FD /* Project object */ = {
			isa = PBXProject;
			attributes = {
				LastUpgradeCheck = 0610;
				ORGANIZATIONNAME = "adam smith";
				TargetAttributes = {
					66574ED91A942DDA006703FD = {
						CreatedOnToolsVersion = 6.1.1;
					};
				};
			};
			buildConfigurationList = 66574ED51A942DDA006703FD /* Build configuration list for PBXProject "AutoGenerateDescriptionPluginProd" */;
			compatibilityVersion = "Xcode 3.2";
			developmentRegion = English;
			hasScannedForEncodings = 0;
			knownRegions = (
				en,
			);
			mainGroup = 66574ED11A942DDA006703FD;
			productRefGroup = 66574EDB1A942DDA006703FD /* Products */;
			projectDirPath = "";
			projectRoot = "";
			targets = (
				66574ED91A942DDA006703FD /* AutoGenerateDescriptionPluginProd */,
			);
		};
/* End PBXProject section */

/* Begin PBXResourcesBuildPhase section */
		66574ED71A942DDA006703FD /* Resources */ = {
			isa = PBXResourcesBuildPhase;
			buildActionMask = 2147483647;
			files = (
				66574EE51A942DDA006703FD /* AutoGenerateDescriptionPluginProd.xcscheme in Resources */,
			);
			runOnlyForDeploymentPostprocessing = 0;
		};
/* End PBXResourcesBuildPhase section */

/* Begin PBXSourcesBuildPhase section */
		66574ED61A942DDA006703FD /* Sources */ = {
			isa = PBXSourcesBuildPhase;
			buildActionMask = 2147483647;
			files = (
				66574EF81A9430EB006703FD /* DescriptionGenerator.m in Sources */,
				66574EE81A942DDA006703FD /* AutoGenerateDescriptionPluginProd.m in Sources */,
				66574EF51A9430D3006703FD /* RegExCategories.m in Sources */,
				66574EF21A9430C2006703FD /* DTXcodeUtils.m in Sources */,
			);
			runOnlyForDeploymentPostprocessing = 0;
		};
/* End PBXSourcesBuildPhase section */

/* Begin XCBuildConfiguration section */
		66574EE91A942DDA006703FD /* Debug */ = {
			isa = XCBuildConfiguration;
			buildSettings = {
				ALWAYS_SEARCH_USER_PATHS = NO;
				CLANG_CXX_LANGUAGE_STANDARD = "gnu++0x";
				CLANG_CXX_LIBRARY = "libc++";
				CLANG_ENABLE_MODULES = YES;
				CLANG_ENABLE_OBJC_ARC = YES;
				CLANG_WARN_BOOL_CONVERSION = YES;
				CLANG_WARN_CONSTANT_CONVERSION = YES;
				CLANG_WARN_DIRECT_OBJC_ISA_USAGE = YES_ERROR;
				CLANG_WARN_EMPTY_BODY = YES;
				CLANG_WARN_ENUM_CONVERSION = YES;
				CLANG_WARN_INT_CONVERSION = YES;
				CLANG_WARN_OBJC_ROOT_CLASS = YES_ERROR;
				CLANG_WARN_UNREACHABLE_CODE = YES;
				CLANG_WARN__DUPLICATE_METHOD_MATCH = YES;
				COPY_PHASE_STRIP = NO;
				ENABLE_STRICT_OBJC_MSGSEND = YES;
				GCC_C_LANGUAGE_STANDARD = gnu99;
				GCC_DYNAMIC_NO_PIC = NO;
				GCC_OPTIMIZATION_LEVEL = 0;
				GCC_PREPROCESSOR_DEFINITIONS = (
					"DEBUG=1",
					"$(inherited)",
				);
				GCC_SYMBOLS_PRIVATE_EXTERN = NO;
				GCC_WARN_64_TO_32_BIT_CONVERSION = YES;
				GCC_WARN_ABOUT_RETURN_TYPE = YES_ERROR;
				GCC_WARN_UNDECLARED_SELECTOR = YES;
				GCC_WARN_UNINITIALIZED_AUTOS = YES_AGGRESSIVE;
				GCC_WARN_UNUSED_FUNCTION = YES;
				GCC_WARN_UNUSED_VARIABLE = YES;
				MTL_ENABLE_DEBUG_INFO = YES;
				ONLY_ACTIVE_ARCH = YES;
			};
			name = Debug;
		};
		66574EEA1A942DDA006703FD /* Release */ = {
			isa = XCBuildConfiguration;
			buildSettings = {
				ALWAYS_SEARCH_USER_PATHS = NO;
				CLANG_CXX_LANGUAGE_STANDARD = "gnu++0x";
				CLANG_CXX_LIBRARY = "libc++";
				CLANG_ENABLE_MODULES = YES;
				CLANG_ENABLE_OBJC_ARC = YES;
				CLANG_WARN_BOOL_CONVERSION = YES;
				CLANG_WARN_CONSTANT_CONVERSION = YES;
				CLANG_WARN_DIRECT_OBJC_ISA_USAGE = YES_ERROR;
				CLANG_WARN_EMPTY_BODY = YES;
				CLANG_WARN_ENUM_CONVERSION = YES;
				CLANG_WARN_INT_CONVERSION = YES;
				CLANG_WARN_OBJC_ROOT_CLASS = YES_ERROR;
				CLANG_WARN_UNREACHABLE_CODE = YES;
				CLANG_WARN__DUPLICATE_METHOD_MATCH = YES;
				COPY_PHASE_STRIP = YES;
				ENABLE_NS_ASSERTIONS = NO;
				ENABLE_STRICT_OBJC_MSGSEND = YES;
				GCC_C_LANGUAGE_STANDARD = gnu99;
				GCC_WARN_64_TO_32_BIT_CONVERSION = YES;
				GCC_WARN_ABOUT_RETURN_TYPE = YES_ERROR;
				GCC_WARN_UNDECLARED_SELECTOR = YES;
				GCC_WARN_UNINITIALIZED_AUTOS = YES_AGGRESSIVE;
				GCC_WARN_UNUSED_FUNCTION = YES;
				GCC_WARN_UNUSED_VARIABLE = YES;
				MTL_ENABLE_DEBUG_INFO = NO;
			};
			name = Release;
		};
		66574EEC1A942DDA006703FD /* Debug */ = {
			isa = XCBuildConfiguration;
			buildSettings = {
				COMBINE_HIDPI_IMAGES = YES;
				DEPLOYMENT_LOCATION = YES;
				DSTROOT = "$(HOME)";
				GCC_PRECOMPILE_PREFIX_HEADER = YES;
				GCC_PREFIX_HEADER = "";
				INFOPLIST_FILE = AutoGenerateDescriptionPluginProd/Info.plist;
				INSTALL_PATH = "/Library/Application Support/Developer/Shared/Xcode/Plug-ins";
				MACOSX_DEPLOYMENT_TARGET = 10.10;
				PRODUCT_NAME = "$(TARGET_NAME)";
				WRAPPER_EXTENSION = xcplugin;
			};
			name = Debug;
		};
		66574EED1A942DDA006703FD /* Release */ = {
			isa = XCBuildConfiguration;
			buildSettings = {
				COMBINE_HIDPI_IMAGES = YES;
				DEPLOYMENT_LOCATION = YES;
				DSTROOT = "$(HOME)";
				GCC_PRECOMPILE_PREFIX_HEADER = YES;
				INFOPLIST_FILE = AutoGenerateDescriptionPluginProd/Info.plist;
				INSTALL_PATH = "/Library/Application Support/Developer/Shared/Xcode/Plug-ins";
				MACOSX_DEPLOYMENT_TARGET = 10.10;
				PRODUCT_NAME = "$(TARGET_NAME)";
				WRAPPER_EXTENSION = xcplugin;
			};
			name = Release;
		};
/* End XCBuildConfiguration section */

/* Begin XCConfigurationList section */
		66574ED51A942DDA006703FD /* Build configuration list for PBXProject "AutoGenerateDescriptionPluginProd" */ = {
			isa = XCConfigurationList;
			buildConfigurations = (
				66574EE91A942DDA006703FD /* Debug */,
				66574EEA1A942DDA006703FD /* Release */,
			);
			defaultConfigurationIsVisible = 0;
			defaultConfigurationName = Release;
		};
		66574EEB1A942DDA006703FD /* Build configuration list for PBXNativeTarget "AutoGenerateDescriptionPluginProd" */ = {
			isa = XCConfigurationList;
			buildConfigurations = (
				66574EEC1A942DDA006703FD /* Debug */,
				66574EED1A942DDA006703FD /* Release */,
			);
			defaultConfigurationIsVisible = 0;
			defaultConfigurationName = Release;
		};
/* End XCConfigurationList section */
	};
	rootObject = 66574ED21A942DDA006703FD /* Project object */;
}
